// !$*UTF8*$!
{
	archiveVersion = 1;
	classes = {
	};
	objectVersion = 46;
	objects = {

/* Begin PBXBuildFile section */
		DB551C1714394E0100A28FCB /* BTRoundedView.h in Headers */ = {isa = PBXBuildFile; fileRef = DB551C1514394E0100A28FCB /* BTRoundedView.h */; };
		DB551C1814394E0100A28FCB /* BTRoundedView.m in Sources */ = {isa = PBXBuildFile; fileRef = DB551C1614394E0100A28FCB /* BTRoundedView.m */; };
		DBA9425E141FF23E00FA606C /* Foundation.framework in Frameworks */ = {isa = PBXBuildFile; fileRef = DBA9425D141FF23E00FA606C /* Foundation.framework */; };
		DBA94269141FF23E00FA606C /* UIKit.framework in Frameworks */ = {isa = PBXBuildFile; fileRef = DBA94268141FF23E00FA606C /* UIKit.framework */; };
		DBA9426A141FF23E00FA606C /* Foundation.framework in Frameworks */ = {isa = PBXBuildFile; fileRef = DBA9425D141FF23E00FA606C /* Foundation.framework */; };
		DBA9426C141FF23E00FA606C /* CoreGraphics.framework in Frameworks */ = {isa = PBXBuildFile; fileRef = DBA9426B141FF23E00FA606C /* CoreGraphics.framework */; };
		DBA9426F141FF23E00FA606C /* libBananaTouch.a in Frameworks */ = {isa = PBXBuildFile; fileRef = DBA9425A141FF23E00FA606C /* libBananaTouch.a */; };
		DBA94275141FF23E00FA606C /* InfoPlist.strings in Resources */ = {isa = PBXBuildFile; fileRef = DBA94273141FF23E00FA606C /* InfoPlist.strings */; };
		DBA94278141FF23E00FA606C /* BananaTouchTests.h in Resources */ = {isa = PBXBuildFile; fileRef = DBA94277141FF23E00FA606C /* BananaTouchTests.h */; };
		DBA9427A141FF23E00FA606C /* BananaTouchTests.m in Sources */ = {isa = PBXBuildFile; fileRef = DBA94279141FF23E00FA606C /* BananaTouchTests.m */; };
		DBA94290141FF2BA00FA606C /* BTGradientView.h in Headers */ = {isa = PBXBuildFile; fileRef = DBA9428C141FF2BA00FA606C /* BTGradientView.h */; };
		DBA94291141FF2BA00FA606C /* BTGradientView.m in Sources */ = {isa = PBXBuildFile; fileRef = DBA9428D141FF2BA00FA606C /* BTGradientView.m */; };
		DBA94292141FF2BA00FA606C /* BTWelcomeScreenController.h in Headers */ = {isa = PBXBuildFile; fileRef = DBA9428E141FF2BA00FA606C /* BTWelcomeScreenController.h */; };
		DBA94293141FF2BA00FA606C /* BTWelcomeScreenController.m in Sources */ = {isa = PBXBuildFile; fileRef = DBA9428F141FF2BA00FA606C /* BTWelcomeScreenController.m */; };
		DBA9429A141FF43900FA606C /* UIKit.framework in Frameworks */ = {isa = PBXBuildFile; fileRef = DBA94268141FF23E00FA606C /* UIKit.framework */; };
		DBA9429B141FF43900FA606C /* Foundation.framework in Frameworks */ = {isa = PBXBuildFile; fileRef = DBA9425D141FF23E00FA606C /* Foundation.framework */; };
		DBA9429C141FF43900FA606C /* CoreGraphics.framework in Frameworks */ = {isa = PBXBuildFile; fileRef = DBA9426B141FF23E00FA606C /* CoreGraphics.framework */; };
		DBA942A2141FF43900FA606C /* InfoPlist.strings in Resources */ = {isa = PBXBuildFile; fileRef = DBA942A0141FF43900FA606C /* InfoPlist.strings */; };
		DBA942A5141FF43900FA606C /* main.m in Sources */ = {isa = PBXBuildFile; fileRef = DBA942A4141FF43900FA606C /* main.m */; };
		DBA942A8141FF43900FA606C /* WelcomeScreenDemoAppDelegate.m in Sources */ = {isa = PBXBuildFile; fileRef = DBA942A7141FF43900FA606C /* WelcomeScreenDemoAppDelegate.m */; };
		DBA942AB141FF43900FA606C /* MainWindow.xib in Resources */ = {isa = PBXBuildFile; fileRef = DBA942A9141FF43900FA606C /* MainWindow.xib */; };
		DBA942B9141FF5D500FA606C /* BTGradientView.m in Sources */ = {isa = PBXBuildFile; fileRef = DBA9428D141FF2BA00FA606C /* BTGradientView.m */; };
		DBA942BA141FF5D800FA606C /* BTWelcomeScreenController.m in Sources */ = {isa = PBXBuildFile; fileRef = DBA9428F141FF2BA00FA606C /* BTWelcomeScreenController.m */; };
		DBA942BE141FF67F00FA606C /* SideLoginController.m in Sources */ = {isa = PBXBuildFile; fileRef = DBA942BC141FF67F00FA606C /* SideLoginController.m */; };
		DBA942BF141FF67F00FA606C /* SideLoginController.xib in Resources */ = {isa = PBXBuildFile; fileRef = DBA942BD141FF67F00FA606C /* SideLoginController.xib */; };
		DBA942C1141FF87F00FA606C /* QuartzCore.framework in Frameworks */ = {isa = PBXBuildFile; fileRef = DBA942C0141FF87E00FA606C /* QuartzCore.framework */; };
/* End PBXBuildFile section */

/* Begin PBXContainerItemProxy section */
		DBA9426D141FF23E00FA606C /* PBXContainerItemProxy */ = {
			isa = PBXContainerItemProxy;
			containerPortal = DBA94251141FF23E00FA606C /* Project object */;
			proxyType = 1;
			remoteGlobalIDString = DBA94259141FF23E00FA606C;
			remoteInfo = BananaTouch;
		};
/* End PBXContainerItemProxy section */

/* Begin PBXFileReference section */
		DB551C1514394E0100A28FCB /* BTRoundedView.h */ = {isa = PBXFileReference; fileEncoding = 4; lastKnownFileType = sourcecode.c.h; path = BTRoundedView.h; sourceTree = "<group>"; };
		DB551C1614394E0100A28FCB /* BTRoundedView.m */ = {isa = PBXFileReference; fileEncoding = 4; lastKnownFileType = sourcecode.c.objc; path = BTRoundedView.m; sourceTree = "<group>"; };
		DBA9425A141FF23E00FA606C /* libBananaTouch.a */ = {isa = PBXFileReference; explicitFileType = archive.ar; includeInIndex = 0; path = libBananaTouch.a; sourceTree = BUILT_PRODUCTS_DIR; };
		DBA9425D141FF23E00FA606C /* Foundation.framework */ = {isa = PBXFileReference; lastKnownFileType = wrapper.framework; name = Foundation.framework; path = System/Library/Frameworks/Foundation.framework; sourceTree = SDKROOT; };
		DBA94261141FF23E00FA606C /* BananaTouch-Prefix.pch */ = {isa = PBXFileReference; lastKnownFileType = sourcecode.c.h; path = "BananaTouch-Prefix.pch"; sourceTree = "<group>"; };
		DBA94267141FF23E00FA606C /* BananaTouchTests.octest */ = {isa = PBXFileReference; explicitFileType = wrapper.cfbundle; includeInIndex = 0; path = BananaTouchTests.octest; sourceTree = BUILT_PRODUCTS_DIR; };
		DBA94268141FF23E00FA606C /* UIKit.framework */ = {isa = PBXFileReference; lastKnownFileType = wrapper.framework; name = UIKit.framework; path = System/Library/Frameworks/UIKit.framework; sourceTree = SDKROOT; };
		DBA9426B141FF23E00FA606C /* CoreGraphics.framework */ = {isa = PBXFileReference; lastKnownFileType = wrapper.framework; name = CoreGraphics.framework; path = System/Library/Frameworks/CoreGraphics.framework; sourceTree = SDKROOT; };
		DBA94272141FF23E00FA606C /* BananaTouchTests-Info.plist */ = {isa = PBXFileReference; lastKnownFileType = text.plist.xml; path = "BananaTouchTests-Info.plist"; sourceTree = "<group>"; };
		DBA94274141FF23E00FA606C /* en */ = {isa = PBXFileReference; lastKnownFileType = text.plist.strings; name = en; path = en.lproj/InfoPlist.strings; sourceTree = "<group>"; };
		DBA94276141FF23E00FA606C /* BananaTouchTests-Prefix.pch */ = {isa = PBXFileReference; lastKnownFileType = sourcecode.c.h; path = "BananaTouchTests-Prefix.pch"; sourceTree = "<group>"; };
		DBA94277141FF23E00FA606C /* BananaTouchTests.h */ = {isa = PBXFileReference; lastKnownFileType = sourcecode.c.h; path = BananaTouchTests.h; sourceTree = "<group>"; };
		DBA94279141FF23E00FA606C /* BananaTouchTests.m */ = {isa = PBXFileReference; lastKnownFileType = sourcecode.c.objc; path = BananaTouchTests.m; sourceTree = "<group>"; };
		DBA9428C141FF2BA00FA606C /* BTGradientView.h */ = {isa = PBXFileReference; fileEncoding = 4; lastKnownFileType = sourcecode.c.h; path = BTGradientView.h; sourceTree = "<group>"; };
		DBA9428D141FF2BA00FA606C /* BTGradientView.m */ = {isa = PBXFileReference; fileEncoding = 4; lastKnownFileType = sourcecode.c.objc; path = BTGradientView.m; sourceTree = "<group>"; };
		DBA9428E141FF2BA00FA606C /* BTWelcomeScreenController.h */ = {isa = PBXFileReference; fileEncoding = 4; lastKnownFileType = sourcecode.c.h; path = BTWelcomeScreenController.h; sourceTree = "<group>"; };
		DBA9428F141FF2BA00FA606C /* BTWelcomeScreenController.m */ = {isa = PBXFileReference; fileEncoding = 4; lastKnownFileType = sourcecode.c.objc; path = BTWelcomeScreenController.m; sourceTree = "<group>"; };
		DBA94298141FF43900FA606C /* WelcomeScreenDemo.app */ = {isa = PBXFileReference; explicitFileType = wrapper.application; includeInIndex = 0; path = WelcomeScreenDemo.app; sourceTree = BUILT_PRODUCTS_DIR; };
		DBA9429F141FF43900FA606C /* WelcomeScreenDemo-Info.plist */ = {isa = PBXFileReference; lastKnownFileType = text.plist.xml; path = "WelcomeScreenDemo-Info.plist"; sourceTree = "<group>"; };
		DBA942A1141FF43900FA606C /* en */ = {isa = PBXFileReference; lastKnownFileType = text.plist.strings; name = en; path = en.lproj/InfoPlist.strings; sourceTree = "<group>"; };
		DBA942A3141FF43900FA606C /* WelcomeScreenDemo-Prefix.pch */ = {isa = PBXFileReference; lastKnownFileType = sourcecode.c.h; path = "WelcomeScreenDemo-Prefix.pch"; sourceTree = "<group>"; };
		DBA942A4141FF43900FA606C /* main.m */ = {isa = PBXFileReference; lastKnownFileType = sourcecode.c.objc; path = main.m; sourceTree = "<group>"; };
		DBA942A6141FF43900FA606C /* WelcomeScreenDemoAppDelegate.h */ = {isa = PBXFileReference; lastKnownFileType = sourcecode.c.h; path = WelcomeScreenDemoAppDelegate.h; sourceTree = "<group>"; };
		DBA942A7141FF43900FA606C /* WelcomeScreenDemoAppDelegate.m */ = {isa = PBXFileReference; lastKnownFileType = sourcecode.c.objc; path = WelcomeScreenDemoAppDelegate.m; sourceTree = "<group>"; };
		DBA942AA141FF43900FA606C /* en */ = {isa = PBXFileReference; lastKnownFileType = file.xib; name = en; path = en.lproj/MainWindow.xib; sourceTree = "<group>"; };
		DBA942BB141FF67F00FA606C /* SideLoginController.h */ = {isa = PBXFileReference; fileEncoding = 4; lastKnownFileType = sourcecode.c.h; path = SideLoginController.h; sourceTree = "<group>"; };
		DBA942BC141FF67F00FA606C /* SideLoginController.m */ = {isa = PBXFileReference; fileEncoding = 4; lastKnownFileType = sourcecode.c.objc; path = SideLoginController.m; sourceTree = "<group>"; };
		DBA942BD141FF67F00FA606C /* SideLoginController.xib */ = {isa = PBXFileReference; fileEncoding = 4; lastKnownFileType = file.xib; path = SideLoginController.xib; sourceTree = "<group>"; };
		DBA942C0141FF87E00FA606C /* QuartzCore.framework */ = {isa = PBXFileReference; lastKnownFileType = wrapper.framework; name = QuartzCore.framework; path = System/Library/Frameworks/QuartzCore.framework; sourceTree = SDKROOT; };
/* End PBXFileReference section */

/* Begin PBXFrameworksBuildPhase section */
		DBA94257141FF23E00FA606C /* Frameworks */ = {
			isa = PBXFrameworksBuildPhase;
			buildActionMask = 2147483647;
			files = (
				DBA9425E141FF23E00FA606C /* Foundation.framework in Frameworks */,
			);
			runOnlyForDeploymentPostprocessing = 0;
		};
		DBA94263141FF23E00FA606C /* Frameworks */ = {
			isa = PBXFrameworksBuildPhase;
			buildActionMask = 2147483647;
			files = (
				DBA94269141FF23E00FA606C /* UIKit.framework in Frameworks */,
				DBA9426A141FF23E00FA606C /* Foundation.framework in Frameworks */,
				DBA9426C141FF23E00FA606C /* CoreGraphics.framework in Frameworks */,
				DBA9426F141FF23E00FA606C /* libBananaTouch.a in Frameworks */,
			);
			runOnlyForDeploymentPostprocessing = 0;
		};
		DBA94295141FF43900FA606C /* Frameworks */ = {
			isa = PBXFrameworksBuildPhase;
			buildActionMask = 2147483647;
			files = (
				DBA942C1141FF87F00FA606C /* QuartzCore.framework in Frameworks */,
				DBA9429A141FF43900FA606C /* UIKit.framework in Frameworks */,
				DBA9429B141FF43900FA606C /* Foundation.framework in Frameworks */,
				DBA9429C141FF43900FA606C /* CoreGraphics.framework in Frameworks */,
			);
			runOnlyForDeploymentPostprocessing = 0;
		};
/* End PBXFrameworksBuildPhase section */

/* Begin PBXGroup section */
		DBA9424F141FF23E00FA606C = {
			isa = PBXGroup;
			children = (
				DBA9425F141FF23E00FA606C /* BananaTouch */,
				DBA942B7141FF50700FA606C /* Examples */,
				DBA94270141FF23E00FA606C /* BananaTouchTests */,
				DBA9425C141FF23E00FA606C /* Frameworks */,
				DBA9425B141FF23E00FA606C /* Products */,
			);
			sourceTree = "<group>";
		};
		DBA9425B141FF23E00FA606C /* Products */ = {
			isa = PBXGroup;
			children = (
				DBA9425A141FF23E00FA606C /* libBananaTouch.a */,
				DBA94267141FF23E00FA606C /* BananaTouchTests.octest */,
				DBA94298141FF43900FA606C /* WelcomeScreenDemo.app */,
			);
			name = Products;
			sourceTree = "<group>";
		};
		DBA9425C141FF23E00FA606C /* Frameworks */ = {
			isa = PBXGroup;
			children = (
				DBA9425D141FF23E00FA606C /* Foundation.framework */,
				DBA94268141FF23E00FA606C /* UIKit.framework */,
				DBA9426B141FF23E00FA606C /* CoreGraphics.framework */,
				DBA942C0141FF87E00FA606C /* QuartzCore.framework */,
			);
			name = Frameworks;
			sourceTree = "<group>";
		};
		DBA9425F141FF23E00FA606C /* BananaTouch */ = {
			isa = PBXGroup;
			children = (
				DBA9428C141FF2BA00FA606C /* BTGradientView.h */,
				DBA9428D141FF2BA00FA606C /* BTGradientView.m */,
				DBA9428E141FF2BA00FA606C /* BTWelcomeScreenController.h */,
				DBA9428F141FF2BA00FA606C /* BTWelcomeScreenController.m */,
				DB551C1514394E0100A28FCB /* BTRoundedView.h */,
				DB551C1614394E0100A28FCB /* BTRoundedView.m */,
				DBA94260141FF23E00FA606C /* Supporting Files */,
			);
			path = BananaTouch;
			sourceTree = "<group>";
		};
		DBA94260141FF23E00FA606C /* Supporting Files */ = {
			isa = PBXGroup;
			children = (
				DBA94261141FF23E00FA606C /* BananaTouch-Prefix.pch */,
			);
			name = "Supporting Files";
			sourceTree = "<group>";
		};
		DBA94270141FF23E00FA606C /* BananaTouchTests */ = {
			isa = PBXGroup;
			children = (
				DBA94277141FF23E00FA606C /* BananaTouchTests.h */,
				DBA94279141FF23E00FA606C /* BananaTouchTests.m */,
				DBA94271141FF23E00FA606C /* Supporting Files */,
			);
			path = BananaTouchTests;
			sourceTree = "<group>";
		};
		DBA94271141FF23E00FA606C /* Supporting Files */ = {
			isa = PBXGroup;
			children = (
				DBA94272141FF23E00FA606C /* BananaTouchTests-Info.plist */,
				DBA94273141FF23E00FA606C /* InfoPlist.strings */,
				DBA94276141FF23E00FA606C /* BananaTouchTests-Prefix.pch */,
			);
			name = "Supporting Files";
			sourceTree = "<group>";
		};
		DBA9429D141FF43900FA606C /* WelcomeScreenDemo */ = {
			isa = PBXGroup;
			children = (
				DBA942A6141FF43900FA606C /* WelcomeScreenDemoAppDelegate.h */,
				DBA942A7141FF43900FA606C /* WelcomeScreenDemoAppDelegate.m */,
				DBA942A9141FF43900FA606C /* MainWindow.xib */,
				DBA9429E141FF43900FA606C /* Supporting Files */,
				DBA942BB141FF67F00FA606C /* SideLoginController.h */,
				DBA942BC141FF67F00FA606C /* SideLoginController.m */,
				DBA942BD141FF67F00FA606C /* SideLoginController.xib */,
			);
			path = WelcomeScreenDemo;
			sourceTree = "<group>";
		};
		DBA9429E141FF43900FA606C /* Supporting Files */ = {
			isa = PBXGroup;
			children = (
				DBA9429F141FF43900FA606C /* WelcomeScreenDemo-Info.plist */,
				DBA942A0141FF43900FA606C /* InfoPlist.strings */,
				DBA942A3141FF43900FA606C /* WelcomeScreenDemo-Prefix.pch */,
				DBA942A4141FF43900FA606C /* main.m */,
			);
			name = "Supporting Files";
			sourceTree = "<group>";
		};
		DBA942B7141FF50700FA606C /* Examples */ = {
			isa = PBXGroup;
			children = (
				DBA9429D141FF43900FA606C /* WelcomeScreenDemo */,
			);
			path = Examples;
			sourceTree = "<group>";
		};
/* End PBXGroup section */

/* Begin PBXHeadersBuildPhase section */
		DBA94258141FF23E00FA606C /* Headers */ = {
			isa = PBXHeadersBuildPhase;
			buildActionMask = 2147483647;
			files = (
				DBA94290141FF2BA00FA606C /* BTGradientView.h in Headers */,
				DBA94292141FF2BA00FA606C /* BTWelcomeScreenController.h in Headers */,
				DB551C1714394E0100A28FCB /* BTRoundedView.h in Headers */,
			);
			runOnlyForDeploymentPostprocessing = 0;
		};
/* End PBXHeadersBuildPhase section */

/* Begin PBXNativeTarget section */
		DBA94259141FF23E00FA606C /* BananaTouch */ = {
			isa = PBXNativeTarget;
			buildConfigurationList = DBA9427D141FF23E00FA606C /* Build configuration list for PBXNativeTarget "BananaTouch" */;
			buildPhases = (
				DBA94256141FF23E00FA606C /* Sources */,
				DBA94257141FF23E00FA606C /* Frameworks */,
				DBA94258141FF23E00FA606C /* Headers */,
			);
			buildRules = (
			);
			dependencies = (
			);
			name = BananaTouch;
			productName = BananaTouch;
			productReference = DBA9425A141FF23E00FA606C /* libBananaTouch.a */;
			productType = "com.apple.product-type.library.static";
		};
		DBA94266141FF23E00FA606C /* BananaTouchTests */ = {
			isa = PBXNativeTarget;
			buildConfigurationList = DBA94280141FF23E00FA606C /* Build configuration list for PBXNativeTarget "BananaTouchTests" */;
			buildPhases = (
				DBA94262141FF23E00FA606C /* Sources */,
				DBA94263141FF23E00FA606C /* Frameworks */,
				DBA94264141FF23E00FA606C /* Resources */,
				DBA94265141FF23E00FA606C /* ShellScript */,
			);
			buildRules = (
			);
			dependencies = (
				DBA9426E141FF23E00FA606C /* PBXTargetDependency */,
			);
			name = BananaTouchTests;
			productName = BananaTouchTests;
			productReference = DBA94267141FF23E00FA606C /* BananaTouchTests.octest */;
			productType = "com.apple.product-type.bundle";
		};
		DBA94297141FF43900FA606C /* WelcomeScreenDemo */ = {
			isa = PBXNativeTarget;
			buildConfigurationList = DBA942AC141FF43900FA606C /* Build configuration list for PBXNativeTarget "WelcomeScreenDemo" */;
			buildPhases = (
				DBA94294141FF43900FA606C /* Sources */,
				DBA94295141FF43900FA606C /* Frameworks */,
				DBA94296141FF43900FA606C /* Resources */,
			);
			buildRules = (
			);
			dependencies = (
			);
			name = WelcomeScreenDemo;
			productName = WelcomeScreenDemo;
			productReference = DBA94298141FF43900FA606C /* WelcomeScreenDemo.app */;
			productType = "com.apple.product-type.application";
		};
/* End PBXNativeTarget section */

/* Begin PBXProject section */
		DBA94251141FF23E00FA606C /* Project object */ = {
			isa = PBXProject;
			attributes = {
				ORGANIZATIONNAME = OutOfOrder.cc;
			};
			buildConfigurationList = DBA94254141FF23E00FA606C /* Build configuration list for PBXProject "BananaTouch" */;
			compatibilityVersion = "Xcode 3.2";
			developmentRegion = English;
			hasScannedForEncodings = 0;
			knownRegions = (
				en,
			);
			mainGroup = DBA9424F141FF23E00FA606C;
			productRefGroup = DBA9425B141FF23E00FA606C /* Products */;
			projectDirPath = "";
			projectRoot = "";
			targets = (
				DBA94259141FF23E00FA606C /* BananaTouch */,
				DBA94266141FF23E00FA606C /* BananaTouchTests */,
				DBA94297141FF43900FA606C /* WelcomeScreenDemo */,
			);
		};
/* End PBXProject section */

/* Begin PBXResourcesBuildPhase section */
		DBA94264141FF23E00FA606C /* Resources */ = {
			isa = PBXResourcesBuildPhase;
			buildActionMask = 2147483647;
			files = (
				DBA94275141FF23E00FA606C /* InfoPlist.strings in Resources */,
				DBA94278141FF23E00FA606C /* BananaTouchTests.h in Resources */,
			);
			runOnlyForDeploymentPostprocessing = 0;
		};
		DBA94296141FF43900FA606C /* Resources */ = {
			isa = PBXResourcesBuildPhase;
			buildActionMask = 2147483647;
			files = (
				DBA942A2141FF43900FA606C /* InfoPlist.strings in Resources */,
				DBA942AB141FF43900FA606C /* MainWindow.xib in Resources */,
				DBA942BF141FF67F00FA606C /* SideLoginController.xib in Resources */,
			);
			runOnlyForDeploymentPostprocessing = 0;
		};
/* End PBXResourcesBuildPhase section */

/* Begin PBXShellScriptBuildPhase section */
		DBA94265141FF23E00FA606C /* ShellScript */ = {
			isa = PBXShellScriptBuildPhase;
			buildActionMask = 2147483647;
			files = (
			);
			inputPaths = (
			);
			outputPaths = (
			);
			runOnlyForDeploymentPostprocessing = 0;
			shellPath = /bin/sh;
			shellScript = "# Run the unit tests in this test bundle.\n\"${SYSTEM_DEVELOPER_DIR}/Tools/RunUnitTests\"\n";
		};
/* End PBXShellScriptBuildPhase section */

/* Begin PBXSourcesBuildPhase section */
		DBA94256141FF23E00FA606C /* Sources */ = {
			isa = PBXSourcesBuildPhase;
			buildActionMask = 2147483647;
			files = (
				DBA94291141FF2BA00FA606C /* BTGradientView.m in Sources */,
				DBA94293141FF2BA00FA606C /* BTWelcomeScreenController.m in Sources */,
				DB551C1814394E0100A28FCB /* BTRoundedView.m in Sources */,
			);
			runOnlyForDeploymentPostprocessing = 0;
		};
		DBA94262141FF23E00FA606C /* Sources */ = {
			isa = PBXSourcesBuildPhase;
			buildActionMask = 2147483647;
			files = (
				DBA9427A141FF23E00FA606C /* BananaTouchTests.m in Sources */,
			);
			runOnlyForDeploymentPostprocessing = 0;
		};
		DBA94294141FF43900FA606C /* Sources */ = {
			isa = PBXSourcesBuildPhase;
			buildActionMask = 2147483647;
			files = (
				DBA942A5141FF43900FA606C /* main.m in Sources */,
				DBA942A8141FF43900FA606C /* WelcomeScreenDemoAppDelegate.m in Sources */,
				DBA942B9141FF5D500FA606C /* BTGradientView.m in Sources */,
				DBA942BA141FF5D800FA606C /* BTWelcomeScreenController.m in Sources */,
				DBA942BE141FF67F00FA606C /* SideLoginController.m in Sources */,
			);
			runOnlyForDeploymentPostprocessing = 0;
		};
/* End PBXSourcesBuildPhase section */

/* Begin PBXTargetDependency section */
		DBA9426E141FF23E00FA606C /* PBXTargetDependency */ = {
			isa = PBXTargetDependency;
			target = DBA94259141FF23E00FA606C /* BananaTouch */;
			targetProxy = DBA9426D141FF23E00FA606C /* PBXContainerItemProxy */;
		};
/* End PBXTargetDependency section */

/* Begin PBXVariantGroup section */
		DBA94273141FF23E00FA606C /* InfoPlist.strings */ = {
			isa = PBXVariantGroup;
			children = (
				DBA94274141FF23E00FA606C /* en */,
			);
			name = InfoPlist.strings;
			sourceTree = "<group>";
		};
		DBA942A0141FF43900FA606C /* InfoPlist.strings */ = {
			isa = PBXVariantGroup;
			children = (
				DBA942A1141FF43900FA606C /* en */,
			);
			name = InfoPlist.strings;
			sourceTree = "<group>";
		};
		DBA942A9141FF43900FA606C /* MainWindow.xib */ = {
			isa = PBXVariantGroup;
			children = (
				DBA942AA141FF43900FA606C /* en */,
			);
			name = MainWindow.xib;
			sourceTree = "<group>";
		};
/* End PBXVariantGroup section */

/* Begin XCBuildConfiguration section */
		DBA9427B141FF23E00FA606C /* Debug */ = {
			isa = XCBuildConfiguration;
			buildSettings = {
				ARCHS = "$(ARCHS_STANDARD_32_BIT)";
				GCC_C_LANGUAGE_STANDARD = gnu99;
				GCC_OPTIMIZATION_LEVEL = 0;
				GCC_PREPROCESSOR_DEFINITIONS = DEBUG;
				GCC_SYMBOLS_PRIVATE_EXTERN = NO;
				GCC_VERSION = com.apple.compilers.llvmgcc42;
				GCC_WARN_ABOUT_RETURN_TYPE = YES;
				GCC_WARN_UNUSED_VARIABLE = YES;
				IPHONEOS_DEPLOYMENT_TARGET = 4.3;
				SDKROOT = iphoneos;
			};
			name = Debug;
		};
		DBA9427C141FF23E00FA606C /* Release */ = {
			isa = XCBuildConfiguration;
			buildSettings = {
				ARCHS = "$(ARCHS_STANDARD_32_BIT)";
				GCC_C_LANGUAGE_STANDARD = gnu99;
				GCC_VERSION = com.apple.compilers.llvmgcc42;
				GCC_WARN_ABOUT_RETURN_TYPE = YES;
				GCC_WARN_UNUSED_VARIABLE = YES;
				IPHONEOS_DEPLOYMENT_TARGET = 4.3;
				SDKROOT = iphoneos;
			};
			name = Release;
		};
		DBA9427E141FF23E00FA606C /* Debug */ = {
			isa = XCBuildConfiguration;
			buildSettings = {
				ALWAYS_SEARCH_USER_PATHS = NO;
				DSTROOT = /tmp/BananaTouch.dst;
				GCC_PRECOMPILE_PREFIX_HEADER = YES;
				GCC_PREFIX_HEADER = "BananaTouch/BananaTouch-Prefix.pch";
				OTHER_LDFLAGS = "-ObjC";
				PRODUCT_NAME = "$(TARGET_NAME)";
			};
			name = Debug;
		};
		DBA9427F141FF23E00FA606C /* Release */ = {
			isa = XCBuildConfiguration;
			buildSettings = {
				ALWAYS_SEARCH_USER_PATHS = NO;
				DSTROOT = /tmp/BananaTouch.dst;
				GCC_PRECOMPILE_PREFIX_HEADER = YES;
				GCC_PREFIX_HEADER = "BananaTouch/BananaTouch-Prefix.pch";
				OTHER_LDFLAGS = "-ObjC";
				PRODUCT_NAME = "$(TARGET_NAME)";
			};
			name = Release;
		};
		DBA94281141FF23E00FA606C /* Debug */ = {
			isa = XCBuildConfiguration;
			buildSettings = {
				ALWAYS_SEARCH_USER_PATHS = NO;
				FRAMEWORK_SEARCH_PATHS = (
					"$(SDKROOT)/Developer/Library/Frameworks",
					"$(DEVELOPER_LIBRARY_DIR)/Frameworks",
				);
				GCC_PRECOMPILE_PREFIX_HEADER = YES;
				GCC_PREFIX_HEADER = "BananaTouchTests/BananaTouchTests-Prefix.pch";
				INFOPLIST_FILE = "BananaTouchTests/BananaTouchTests-Info.plist";
				OTHER_LDFLAGS = (
					"-framework",
					SenTestingKit,
				);
				PRODUCT_NAME = "$(TARGET_NAME)";
				WRAPPER_EXTENSION = octest;
			};
			name = Debug;
		};
		DBA94282141FF23E00FA606C /* Release */ = {
			isa = XCBuildConfiguration;
			buildSettings = {
				ALWAYS_SEARCH_USER_PATHS = NO;
				FRAMEWORK_SEARCH_PATHS = (
					"$(SDKROOT)/Developer/Library/Frameworks",
					"$(DEVELOPER_LIBRARY_DIR)/Frameworks",
				);
				GCC_PRECOMPILE_PREFIX_HEADER = YES;
				GCC_PREFIX_HEADER = "BananaTouchTests/BananaTouchTests-Prefix.pch";
				INFOPLIST_FILE = "BananaTouchTests/BananaTouchTests-Info.plist";
				OTHER_LDFLAGS = (
					"-framework",
					SenTestingKit,
				);
				PRODUCT_NAME = "$(TARGET_NAME)";
				WRAPPER_EXTENSION = octest;
			};
			name = Release;
		};
		DBA942AD141FF43900FA606C /* Debug */ = {
			isa = XCBuildConfiguration;
			buildSettings = {
				ALWAYS_SEARCH_USER_PATHS = NO;
				ARCHS = "$(ARCHS_UNIVERSAL_IPHONE_OS)";
				"CODE_SIGN_IDENTITY[sdk=iphoneos*]" = "iPhone Developer";
				COPY_PHASE_STRIP = NO;
				GCC_DYNAMIC_NO_PIC = NO;
				GCC_PRECOMPILE_PREFIX_HEADER = YES;
				GCC_PREFIX_HEADER = "Examples/WelcomeScreenDemo/WelcomeScreenDemo-Prefix.pch";
				INFOPLIST_FILE = "Examples/WelcomeScreenDemo/WelcomeScreenDemo-Info.plist";
				PRODUCT_NAME = "$(TARGET_NAME)";
				TARGETED_DEVICE_FAMILY = 2;
				WRAPPER_EXTENSION = app;
			};
			name = Debug;
		};
		DBA942AE141FF43900FA606C /* Release */ = {
			isa = XCBuildConfiguration;
			buildSettings = {
				ALWAYS_SEARCH_USER_PATHS = NO;
				ARCHS = "$(ARCHS_UNIVERSAL_IPHONE_OS)";
				"CODE_SIGN_IDENTITY[sdk=iphoneos*]" = "iPhone Developer";
				COPY_PHASE_STRIP = YES;
				GCC_PRECOMPILE_PREFIX_HEADER = YES;
				GCC_PREFIX_HEADER = "Examples/WelcomeScreenDemo/WelcomeScreenDemo-Prefix.pch";
				INFOPLIST_FILE = "Examples/WelcomeScreenDemo/WelcomeScreenDemo-Info.plist";
				OTHER_CFLAGS = "-DNS_BLOCK_ASSERTIONS=1";
				PRODUCT_NAME = "$(TARGET_NAME)";
				TARGETED_DEVICE_FAMILY = 2;
				VALIDATE_PRODUCT = YES;
				WRAPPER_EXTENSION = app;
			};
			name = Release;
		};
/* End XCBuildConfiguration section */

/* Begin XCConfigurationList section */
		DBA94254141FF23E00FA606C /* Build configuration list for PBXProject "BananaTouch" */ = {
			isa = XCConfigurationList;
			buildConfigurations = (
				DBA9427B141FF23E00FA606C /* Debug */,
				DBA9427C141FF23E00FA606C /* Release */,
			);
			defaultConfigurationIsVisible = 0;
			defaultConfigurationName = Release;
		};
		DBA9427D141FF23E00FA606C /* Build configuration list for PBXNativeTarget "BananaTouch" */ = {
			isa = XCConfigurationList;
			buildConfigurations = (
				DBA9427E141FF23E00FA606C /* Debug */,
				DBA9427F141FF23E00FA606C /* Release */,
			);
			defaultConfigurationIsVisible = 0;
			defaultConfigurationName = Release;
		};
		DBA94280141FF23E00FA606C /* Build configuration list for PBXNativeTarget "BananaTouchTests" */ = {
			isa = XCConfigurationList;
			buildConfigurations = (
				DBA94281141FF23E00FA606C /* Debug */,
				DBA94282141FF23E00FA606C /* Release */,
			);
			defaultConfigurationIsVisible = 0;
			defaultConfigurationName = Release;
		};
		DBA942AC141FF43900FA606C /* Build configuration list for PBXNativeTarget "WelcomeScreenDemo" */ = {
			isa = XCConfigurationList;
			buildConfigurations = (
				DBA942AD141FF43900FA606C /* Debug */,
				DBA942AE141FF43900FA606C /* Release */,
			);
			defaultConfigurationIsVisible = 0;
			defaultConfigurationName = Release;
		};
/* End XCConfigurationList section */
	};
	rootObject = DBA94251141FF23E00FA606C /* Project object */;
}
